// !$*UTF8*$!
{
	archiveVersion = 1;
	classes = {
	};
	objectVersion = 51;
	objects = {

/* Begin PBXBuildFile section */
		072F6FF56795E2A22DB4EFBA /* Pods_WhaleNotes.framework in Frameworks */ = {isa = PBXBuildFile; fileRef = 940244A10ED420834FA7953E /* Pods_WhaleNotes.framework */; };
		182B0D52245FCEC800C6DC70 /* TodoFooterView.swift in Sources */ = {isa = PBXBuildFile; fileRef = 182B0D51245FCEC800C6DC70 /* TodoFooterView.swift */; };
		183FFA9D246952EB00FDA179 /* ContextMenuViewController.swift in Sources */ = {isa = PBXBuildFile; fileRef = 183FFA9C246952EB00FDA179 /* ContextMenuViewController.swift */; };
		183FFAA02469535500FDA179 /* ContextMenuCell.swift in Sources */ = {isa = PBXBuildFile; fileRef = 183FFA9F2469535500FDA179 /* ContextMenuCell.swift */; };
		1849490E24596E26001B61C3 /* ImagesUtil.swift in Sources */ = {isa = PBXBuildFile; fileRef = 1849490D24596E26001B61C3 /* ImagesUtil.swift */; };
		18494931245AB416001B61C3 /* UIViewController+Ex.swift in Sources */ = {isa = PBXBuildFile; fileRef = 18494930245AB416001B61C3 /* UIViewController+Ex.swift */; };
		1865AEF4244C5EF50006B48D /* ColorTheme.xcassets in Resources */ = {isa = PBXBuildFile; fileRef = 1865AEF3244C5EF50006B48D /* ColorTheme.xcassets */; };
		1865AEF6244C61F80006B48D /* UIColor+Ex.swift in Sources */ = {isa = PBXBuildFile; fileRef = 1865AEF5244C61F80006B48D /* UIColor+Ex.swift */; };
		1865AEF9244C79870006B48D /* EditorViewController.swift in Sources */ = {isa = PBXBuildFile; fileRef = 1865AEF8244C79870006B48D /* EditorViewController.swift */; };
		1865AEFC244C7D1C0006B48D /* TitleBlockCell.swift in Sources */ = {isa = PBXBuildFile; fileRef = 1865AEFB244C7D1C0006B48D /* TitleBlockCell.swift */; };
		1865AF01244D403B0006B48D /* Note.swift in Sources */ = {isa = PBXBuildFile; fileRef = 1865AF00244D403B0006B48D /* Note.swift */; };
		1865AF04244D4D330006B48D /* SQLiteManager.swift in Sources */ = {isa = PBXBuildFile; fileRef = 1865AF03244D4D330006B48D /* SQLiteManager.swift */; };
		1865AF06244D4D580006B48D /* DBResult.swift in Sources */ = {isa = PBXBuildFile; fileRef = 1865AF05244D4D580006B48D /* DBResult.swift */; };
		1865AF08244D4DC40006B48D /* TypedRow.swift in Sources */ = {isa = PBXBuildFile; fileRef = 1865AF07244D4DC40006B48D /* TypedRow.swift */; };
		1865AF0A244D4E020006B48D /* Date+Ex.swift in Sources */ = {isa = PBXBuildFile; fileRef = 1865AF09244D4E020006B48D /* Date+Ex.swift */; };
		1865AF12244D63700006B48D /* Ditionary+Ex.swift in Sources */ = {isa = PBXBuildFile; fileRef = 1865AF11244D63700006B48D /* Ditionary+Ex.swift */; };
		1865AF16244DCB850006B48D /* TextBlockCell.swift in Sources */ = {isa = PBXBuildFile; fileRef = 1865AF15244DCB850006B48D /* TextBlockCell.swift */; };
		1865AF18244ED46D0006B48D /* BottomBarView.swift in Sources */ = {isa = PBXBuildFile; fileRef = 1865AF17244ED46D0006B48D /* BottomBarView.swift */; };
		1865AF1A244EDF790006B48D /* UIView+Ex.swift in Sources */ = {isa = PBXBuildFile; fileRef = 1865AF19244EDF790006B48D /* UIView+Ex.swift */; };
		1865AF1C244F43D30006B48D /* UITableView+Ex.swift in Sources */ = {isa = PBXBuildFile; fileRef = 1865AF1B244F43D30006B48D /* UITableView+Ex.swift */; };
		1865AF21245018C30006B48D /* TodoBlockCell.swift in Sources */ = {isa = PBXBuildFile; fileRef = 1865AF20245018C30006B48D /* TodoBlockCell.swift */; };
		188328F024531F530097A01D /* AttachmentsBlockCell.swift in Sources */ = {isa = PBXBuildFile; fileRef = 188328EF24531F530097A01D /* AttachmentsBlockCell.swift */; };
		188328F2245320740097A01D /* ImageCell.swift in Sources */ = {isa = PBXBuildFile; fileRef = 188328F1245320740097A01D /* ImageCell.swift */; };
		188328F424540F910097A01D /* DBManager.swift in Sources */ = {isa = PBXBuildFile; fileRef = 188328F324540F910097A01D /* DBManager.swift */; };
		188328F624540FB40097A01D /* Logger.swift in Sources */ = {isa = PBXBuildFile; fileRef = 188328F524540FB40097A01D /* Logger.swift */; };
		188328F8245410810097A01D /* Block.swift in Sources */ = {isa = PBXBuildFile; fileRef = 188328F7245410810097A01D /* Block.swift */; };
		188328FB24541E1C0097A01D /* PopBlocksViewController.swift in Sources */ = {isa = PBXBuildFile; fileRef = 188328FA24541E1C0097A01D /* PopBlocksViewController.swift */; };
		188942A8246E845D006173F8 /* TodoGroupCell.swift in Sources */ = {isa = PBXBuildFile; fileRef = 188942A7246E845D006173F8 /* TodoGroupCell.swift */; };
		188942AB246FDC20006173F8 /* NotesView.swift in Sources */ = {isa = PBXBuildFile; fileRef = 188942AA246FDC1F006173F8 /* NotesView.swift */; };
		188942AE24702A3C006173F8 /* NoteCardCell.swift in Sources */ = {isa = PBXBuildFile; fileRef = 188942AD24702A3C006173F8 /* NoteCardCell.swift */; };
		1890290A245E82720017814A /* UIImage+Ex.swift in Sources */ = {isa = PBXBuildFile; fileRef = 18902909245E82720017814A /* UIImage+Ex.swift */; };
		18C59C6B24542BE100F5CBB0 /* BlockMenuCell.swift in Sources */ = {isa = PBXBuildFile; fileRef = 18C59C6A24542BE100F5CBB0 /* BlockMenuCell.swift */; };
		18C59C6D2455236C00F5CBB0 /* TodoHeaderView.swift in Sources */ = {isa = PBXBuildFile; fileRef = 18C59C6C2455236C00F5CBB0 /* TodoHeaderView.swift */; };
		18C59C6F2455AFF700F5CBB0 /* TodoCompleteHeaderView.swift in Sources */ = {isa = PBXBuildFile; fileRef = 18C59C6E2455AFF700F5CBB0 /* TodoCompleteHeaderView.swift */; };
		18E956712449A3F0003755BF /* AppDelegate.swift in Sources */ = {isa = PBXBuildFile; fileRef = 18E956702449A3F0003755BF /* AppDelegate.swift */; };
		18E9567B2449A3F0003755BF /* WhaleNotes.xcdatamodeld in Sources */ = {isa = PBXBuildFile; fileRef = 18E956792449A3F0003755BF /* WhaleNotes.xcdatamodeld */; };
		18E9567D2449A3F2003755BF /* Assets.xcassets in Resources */ = {isa = PBXBuildFile; fileRef = 18E9567C2449A3F2003755BF /* Assets.xcassets */; };
		18E956802449A3F2003755BF /* LaunchScreen.storyboard in Resources */ = {isa = PBXBuildFile; fileRef = 18E9567E2449A3F2003755BF /* LaunchScreen.storyboard */; };
		18E9568D2449AC45003755BF /* HomeViewController.swift in Sources */ = {isa = PBXBuildFile; fileRef = 18E9568B2449AC45003755BF /* HomeViewController.swift */; };
		18E956912449B135003755BF /* SceneDelegate.swift in Sources */ = {isa = PBXBuildFile; fileRef = 18E956902449B135003755BF /* SceneDelegate.swift */; };
		18E956952449B493003755BF /* SideMenuViewController.swift in Sources */ = {isa = PBXBuildFile; fileRef = 18E956932449B493003755BF /* SideMenuViewController.swift */; };
		18E956962449B493003755BF /* SideMenuViewController.xib in Resources */ = {isa = PBXBuildFile; fileRef = 18E956942449B493003755BF /* SideMenuViewController.xib */; };
		18E9D6BF2470D985001E41A0 /* String+Ex.swift in Sources */ = {isa = PBXBuildFile; fileRef = 18E9D6BE2470D985001E41A0 /* String+Ex.swift */; };
		18E9D6C124714ADA001E41A0 /* MosaicCollectionViewLayout.swift in Sources */ = {isa = PBXBuildFile; fileRef = 18E9D6C024714ADA001E41A0 /* MosaicCollectionViewLayout.swift */; };
		18E9D6C324715112001E41A0 /* NoteCellNode.swift in Sources */ = {isa = PBXBuildFile; fileRef = 18E9D6C224715112001E41A0 /* NoteCellNode.swift */; };
		18E9D6C5247167A8001E41A0 /* NoteClone.swift in Sources */ = {isa = PBXBuildFile; fileRef = 18E9D6C4247167A8001E41A0 /* NoteClone.swift */; };
		18ECA6A2245D4A9900E8CE14 /* TLPHAsset+Ex.swift in Sources */ = {isa = PBXBuildFile; fileRef = 18ECA6A1245D4A9900E8CE14 /* TLPHAsset+Ex.swift */; };
		18ECA6A4245D6CFE00E8CE14 /* UIImageView+Ex.swift in Sources */ = {isa = PBXBuildFile; fileRef = 18ECA6A3245D6CFE00E8CE14 /* UIImageView+Ex.swift */; };
/* End PBXBuildFile section */

/* Begin PBXFileReference section */
		182B0D51245FCEC800C6DC70 /* TodoFooterView.swift */ = {isa = PBXFileReference; lastKnownFileType = sourcecode.swift; path = TodoFooterView.swift; sourceTree = "<group>"; };
		183FFA9C246952EB00FDA179 /* ContextMenuViewController.swift */ = {isa = PBXFileReference; lastKnownFileType = sourcecode.swift; path = ContextMenuViewController.swift; sourceTree = "<group>"; };
		183FFA9F2469535500FDA179 /* ContextMenuCell.swift */ = {isa = PBXFileReference; lastKnownFileType = sourcecode.swift; path = ContextMenuCell.swift; sourceTree = "<group>"; };
		1849490D24596E26001B61C3 /* ImagesUtil.swift */ = {isa = PBXFileReference; lastKnownFileType = sourcecode.swift; path = ImagesUtil.swift; sourceTree = "<group>"; };
		1849491F245A8B81001B61C3 /* WhaleNotes-bridge.h */ = {isa = PBXFileReference; lastKnownFileType = sourcecode.c.h; path = "WhaleNotes-bridge.h"; sourceTree = "<group>"; };
		18494930245AB416001B61C3 /* UIViewController+Ex.swift */ = {isa = PBXFileReference; lastKnownFileType = sourcecode.swift; path = "UIViewController+Ex.swift"; sourceTree = "<group>"; };
		1865AEF3244C5EF50006B48D /* ColorTheme.xcassets */ = {isa = PBXFileReference; lastKnownFileType = folder.assetcatalog; path = ColorTheme.xcassets; sourceTree = "<group>"; };
		1865AEF5244C61F80006B48D /* UIColor+Ex.swift */ = {isa = PBXFileReference; lastKnownFileType = sourcecode.swift; path = "UIColor+Ex.swift"; sourceTree = "<group>"; };
		1865AEF8244C79870006B48D /* EditorViewController.swift */ = {isa = PBXFileReference; lastKnownFileType = sourcecode.swift; path = EditorViewController.swift; sourceTree = "<group>"; };
		1865AEFB244C7D1C0006B48D /* TitleBlockCell.swift */ = {isa = PBXFileReference; lastKnownFileType = sourcecode.swift; path = TitleBlockCell.swift; sourceTree = "<group>"; };
		1865AF00244D403B0006B48D /* Note.swift */ = {isa = PBXFileReference; lastKnownFileType = sourcecode.swift; path = Note.swift; sourceTree = "<group>"; };
		1865AF03244D4D330006B48D /* SQLiteManager.swift */ = {isa = PBXFileReference; lastKnownFileType = sourcecode.swift; path = SQLiteManager.swift; sourceTree = "<group>"; };
		1865AF05244D4D580006B48D /* DBResult.swift */ = {isa = PBXFileReference; lastKnownFileType = sourcecode.swift; path = DBResult.swift; sourceTree = "<group>"; };
		1865AF07244D4DC40006B48D /* TypedRow.swift */ = {isa = PBXFileReference; lastKnownFileType = sourcecode.swift; path = TypedRow.swift; sourceTree = "<group>"; };
		1865AF09244D4E020006B48D /* Date+Ex.swift */ = {isa = PBXFileReference; lastKnownFileType = sourcecode.swift; path = "Date+Ex.swift"; sourceTree = "<group>"; };
		1865AF11244D63700006B48D /* Ditionary+Ex.swift */ = {isa = PBXFileReference; lastKnownFileType = sourcecode.swift; path = "Ditionary+Ex.swift"; sourceTree = "<group>"; };
		1865AF15244DCB850006B48D /* TextBlockCell.swift */ = {isa = PBXFileReference; lastKnownFileType = sourcecode.swift; path = TextBlockCell.swift; sourceTree = "<group>"; };
		1865AF17244ED46D0006B48D /* BottomBarView.swift */ = {isa = PBXFileReference; lastKnownFileType = sourcecode.swift; path = BottomBarView.swift; sourceTree = "<group>"; };
		1865AF19244EDF790006B48D /* UIView+Ex.swift */ = {isa = PBXFileReference; lastKnownFileType = sourcecode.swift; path = "UIView+Ex.swift"; sourceTree = "<group>"; };
		1865AF1B244F43D30006B48D /* UITableView+Ex.swift */ = {isa = PBXFileReference; lastKnownFileType = sourcecode.swift; path = "UITableView+Ex.swift"; sourceTree = "<group>"; };
		1865AF20245018C30006B48D /* TodoBlockCell.swift */ = {isa = PBXFileReference; lastKnownFileType = sourcecode.swift; path = TodoBlockCell.swift; sourceTree = "<group>"; };
		188328EF24531F530097A01D /* AttachmentsBlockCell.swift */ = {isa = PBXFileReference; lastKnownFileType = sourcecode.swift; path = AttachmentsBlockCell.swift; sourceTree = "<group>"; };
		188328F1245320740097A01D /* ImageCell.swift */ = {isa = PBXFileReference; lastKnownFileType = sourcecode.swift; path = ImageCell.swift; sourceTree = "<group>"; };
		188328F324540F910097A01D /* DBManager.swift */ = {isa = PBXFileReference; lastKnownFileType = sourcecode.swift; path = DBManager.swift; sourceTree = "<group>"; };
		188328F524540FB40097A01D /* Logger.swift */ = {isa = PBXFileReference; lastKnownFileType = sourcecode.swift; path = Logger.swift; sourceTree = "<group>"; };
		188328F7245410810097A01D /* Block.swift */ = {isa = PBXFileReference; lastKnownFileType = sourcecode.swift; path = Block.swift; sourceTree = "<group>"; };
		188328FA24541E1C0097A01D /* PopBlocksViewController.swift */ = {isa = PBXFileReference; lastKnownFileType = sourcecode.swift; path = PopBlocksViewController.swift; sourceTree = "<group>"; };
		188942A7246E845D006173F8 /* TodoGroupCell.swift */ = {isa = PBXFileReference; lastKnownFileType = sourcecode.swift; path = TodoGroupCell.swift; sourceTree = "<group>"; };
		188942AA246FDC1F006173F8 /* NotesView.swift */ = {isa = PBXFileReference; lastKnownFileType = sourcecode.swift; path = NotesView.swift; sourceTree = "<group>"; };
		188942AD24702A3C006173F8 /* NoteCardCell.swift */ = {isa = PBXFileReference; lastKnownFileType = sourcecode.swift; path = NoteCardCell.swift; sourceTree = "<group>"; };
		18902909245E82720017814A /* UIImage+Ex.swift */ = {isa = PBXFileReference; lastKnownFileType = sourcecode.swift; path = "UIImage+Ex.swift"; sourceTree = "<group>"; };
		18C59C6A24542BE100F5CBB0 /* BlockMenuCell.swift */ = {isa = PBXFileReference; lastKnownFileType = sourcecode.swift; path = BlockMenuCell.swift; sourceTree = "<group>"; };
		18C59C6C2455236C00F5CBB0 /* TodoHeaderView.swift */ = {isa = PBXFileReference; lastKnownFileType = sourcecode.swift; path = TodoHeaderView.swift; sourceTree = "<group>"; };
		18C59C6E2455AFF700F5CBB0 /* TodoCompleteHeaderView.swift */ = {isa = PBXFileReference; lastKnownFileType = sourcecode.swift; path = TodoCompleteHeaderView.swift; sourceTree = "<group>"; };
		18E9566D2449A3F0003755BF /* WhaleNotes.app */ = {isa = PBXFileReference; explicitFileType = wrapper.application; includeInIndex = 0; path = WhaleNotes.app; sourceTree = BUILT_PRODUCTS_DIR; };
		18E956702449A3F0003755BF /* AppDelegate.swift */ = {isa = PBXFileReference; lastKnownFileType = sourcecode.swift; path = AppDelegate.swift; sourceTree = "<group>"; };
		18E9567A2449A3F0003755BF /* WhaleNotes.xcdatamodel */ = {isa = PBXFileReference; lastKnownFileType = wrapper.xcdatamodel; path = WhaleNotes.xcdatamodel; sourceTree = "<group>"; };
		18E9567C2449A3F2003755BF /* Assets.xcassets */ = {isa = PBXFileReference; lastKnownFileType = folder.assetcatalog; path = Assets.xcassets; sourceTree = "<group>"; };
		18E9567F2449A3F2003755BF /* Base */ = {isa = PBXFileReference; lastKnownFileType = file.storyboard; name = Base; path = Base.lproj/LaunchScreen.storyboard; sourceTree = "<group>"; };
		18E956812449A3F2003755BF /* Info.plist */ = {isa = PBXFileReference; lastKnownFileType = text.plist.xml; path = Info.plist; sourceTree = "<group>"; };
		18E9568B2449AC45003755BF /* HomeViewController.swift */ = {isa = PBXFileReference; lastKnownFileType = sourcecode.swift; path = HomeViewController.swift; sourceTree = "<group>"; };
		18E956902449B135003755BF /* SceneDelegate.swift */ = {isa = PBXFileReference; fileEncoding = 4; lastKnownFileType = sourcecode.swift; path = SceneDelegate.swift; sourceTree = "<group>"; };
		18E956932449B493003755BF /* SideMenuViewController.swift */ = {isa = PBXFileReference; lastKnownFileType = sourcecode.swift; path = SideMenuViewController.swift; sourceTree = "<group>"; };
		18E956942449B493003755BF /* SideMenuViewController.xib */ = {isa = PBXFileReference; lastKnownFileType = file.xib; path = SideMenuViewController.xib; sourceTree = "<group>"; };
		18E9D6BE2470D985001E41A0 /* String+Ex.swift */ = {isa = PBXFileReference; lastKnownFileType = sourcecode.swift; path = "String+Ex.swift"; sourceTree = "<group>"; };
		18E9D6C024714ADA001E41A0 /* MosaicCollectionViewLayout.swift */ = {isa = PBXFileReference; lastKnownFileType = sourcecode.swift; path = MosaicCollectionViewLayout.swift; sourceTree = "<group>"; };
		18E9D6C224715112001E41A0 /* NoteCellNode.swift */ = {isa = PBXFileReference; lastKnownFileType = sourcecode.swift; path = NoteCellNode.swift; sourceTree = "<group>"; };
		18E9D6C4247167A8001E41A0 /* NoteClone.swift */ = {isa = PBXFileReference; lastKnownFileType = sourcecode.swift; path = NoteClone.swift; sourceTree = "<group>"; };
		18ECA6A1245D4A9900E8CE14 /* TLPHAsset+Ex.swift */ = {isa = PBXFileReference; lastKnownFileType = sourcecode.swift; path = "TLPHAsset+Ex.swift"; sourceTree = "<group>"; };
		18ECA6A3245D6CFE00E8CE14 /* UIImageView+Ex.swift */ = {isa = PBXFileReference; lastKnownFileType = sourcecode.swift; path = "UIImageView+Ex.swift"; sourceTree = "<group>"; };
		8755AE4A81989AAC961E1A21 /* Pods-WhaleNotes.debug.xcconfig */ = {isa = PBXFileReference; includeInIndex = 1; lastKnownFileType = text.xcconfig; name = "Pods-WhaleNotes.debug.xcconfig"; path = "Target Support Files/Pods-WhaleNotes/Pods-WhaleNotes.debug.xcconfig"; sourceTree = "<group>"; };
		940244A10ED420834FA7953E /* Pods_WhaleNotes.framework */ = {isa = PBXFileReference; explicitFileType = wrapper.framework; includeInIndex = 0; path = Pods_WhaleNotes.framework; sourceTree = BUILT_PRODUCTS_DIR; };
		A10054E7C48FF86C1A7B5902 /* Pods-WhaleNotes.release.xcconfig */ = {isa = PBXFileReference; includeInIndex = 1; lastKnownFileType = text.xcconfig; name = "Pods-WhaleNotes.release.xcconfig"; path = "Target Support Files/Pods-WhaleNotes/Pods-WhaleNotes.release.xcconfig"; sourceTree = "<group>"; };
/* End PBXFileReference section */

/* Begin PBXFrameworksBuildPhase section */
		18E9566A2449A3F0003755BF /* Frameworks */ = {
			isa = PBXFrameworksBuildPhase;
			buildActionMask = 2147483647;
			files = (
				072F6FF56795E2A22DB4EFBA /* Pods_WhaleNotes.framework in Frameworks */,
			);
			runOnlyForDeploymentPostprocessing = 0;
		};
/* End PBXFrameworksBuildPhase section */

/* Begin PBXGroup section */
		183FFA9E2469533C00FDA179 /* ContextMenu */ = {
			isa = PBXGroup;
			children = (
				183FFA9C246952EB00FDA179 /* ContextMenuViewController.swift */,
				183FFA9F2469535500FDA179 /* ContextMenuCell.swift */,
			);
			path = ContextMenu;
			sourceTree = "<group>";
		};
		1865AEF0244C5D4E0006B48D /* Extensions */ = {
			isa = PBXGroup;
			children = (
				1865AEF5244C61F80006B48D /* UIColor+Ex.swift */,
				1865AF09244D4E020006B48D /* Date+Ex.swift */,
				1865AF11244D63700006B48D /* Ditionary+Ex.swift */,
				1865AF19244EDF790006B48D /* UIView+Ex.swift */,
				1865AF1B244F43D30006B48D /* UITableView+Ex.swift */,
				18494930245AB416001B61C3 /* UIViewController+Ex.swift */,
				18ECA6A1245D4A9900E8CE14 /* TLPHAsset+Ex.swift */,
				18ECA6A3245D6CFE00E8CE14 /* UIImageView+Ex.swift */,
				18902909245E82720017814A /* UIImage+Ex.swift */,
				18E9D6BE2470D985001E41A0 /* String+Ex.swift */,
			);
			path = Extensions;
			sourceTree = "<group>";
		};
		1865AEF1244C5D8F0006B48D /* Utils */ = {
			isa = PBXGroup;
			children = (
				188328F524540FB40097A01D /* Logger.swift */,
				1849490D24596E26001B61C3 /* ImagesUtil.swift */,
			);
			path = Utils;
			sourceTree = "<group>";
		};
		1865AEF7244C79400006B48D /* Editor */ = {
			isa = PBXGroup;
			children = (
				1865AEFD244C82E40006B48D /* Models */,
				1865AEFA244C7CFC0006B48D /* Cells */,
				1865AEF8244C79870006B48D /* EditorViewController.swift */,
				1865AF17244ED46D0006B48D /* BottomBarView.swift */,
			);
			path = Editor;
			sourceTree = "<group>";
		};
		1865AEFA244C7CFC0006B48D /* Cells */ = {
			isa = PBXGroup;
			children = (
				188328EE24531F260097A01D /* BlockImage */,
				1865AEFB244C7D1C0006B48D /* TitleBlockCell.swift */,
				1865AF15244DCB850006B48D /* TextBlockCell.swift */,
				1865AF1F245018950006B48D /* Todo */,
			);
			path = Cells;
			sourceTree = "<group>";
		};
		1865AEFD244C82E40006B48D /* Models */ = {
			isa = PBXGroup;
			children = (
			);
			path = Models;
			sourceTree = "<group>";
		};
		1865AF02244D4D040006B48D /* Store */ = {
			isa = PBXGroup;
			children = (
				1865AF03244D4D330006B48D /* SQLiteManager.swift */,
				1865AF05244D4D580006B48D /* DBResult.swift */,
				1865AF07244D4DC40006B48D /* TypedRow.swift */,
				188328F324540F910097A01D /* DBManager.swift */,
			);
			path = Store;
			sourceTree = "<group>";
		};
		1865AF10244D4FBE0006B48D /* Models */ = {
			isa = PBXGroup;
			children = (
				1865AF00244D403B0006B48D /* Note.swift */,
				188328F7245410810097A01D /* Block.swift */,
				18E9D6C4247167A8001E41A0 /* NoteClone.swift */,
			);
			path = Models;
			sourceTree = "<group>";
		};
		1865AF1F245018950006B48D /* Todo */ = {
			isa = PBXGroup;
			children = (
				1865AF20245018C30006B48D /* TodoBlockCell.swift */,
				18C59C6C2455236C00F5CBB0 /* TodoHeaderView.swift */,
				18C59C6E2455AFF700F5CBB0 /* TodoCompleteHeaderView.swift */,
				182B0D51245FCEC800C6DC70 /* TodoFooterView.swift */,
				188942A7246E845D006173F8 /* TodoGroupCell.swift */,
			);
			path = Todo;
			sourceTree = "<group>";
		};
		188328EE24531F260097A01D /* BlockImage */ = {
			isa = PBXGroup;
			children = (
				188328EF24531F530097A01D /* AttachmentsBlockCell.swift */,
				188328F1245320740097A01D /* ImageCell.swift */,
			);
			path = BlockImage;
			sourceTree = "<group>";
		};
		188328FC2454206D0097A01D /* BlocksMenu */ = {
			isa = PBXGroup;
			children = (
				188328FA24541E1C0097A01D /* PopBlocksViewController.swift */,
				18C59C6A24542BE100F5CBB0 /* BlockMenuCell.swift */,
			);
			path = BlocksMenu;
			sourceTree = "<group>";
		};
		188942A9246FDBAB006173F8 /* Notes */ = {
			isa = PBXGroup;
			children = (
				188942AC24702A2B006173F8 /* Cells */,
				188942AA246FDC1F006173F8 /* NotesView.swift */,
				18E9D6C024714ADA001E41A0 /* MosaicCollectionViewLayout.swift */,
			);
			path = Notes;
			sourceTree = "<group>";
		};
		188942AC24702A2B006173F8 /* Cells */ = {
			isa = PBXGroup;
			children = (
				188942AD24702A3C006173F8 /* NoteCardCell.swift */,
				18E9D6C224715112001E41A0 /* NoteCellNode.swift */,
			);
			path = Cells;
			sourceTree = "<group>";
		};
		18E956642449A3EF003755BF = {
			isa = PBXGroup;
			children = (
				18E9566F2449A3F0003755BF /* WhaleNotes */,
				18E9566E2449A3F0003755BF /* Products */,
				4354D1850ECD26DA681F44C3 /* Pods */,
				9E8EE56D1B56A9F5075581CC /* Frameworks */,
			);
			sourceTree = "<group>";
		};
		18E9566E2449A3F0003755BF /* Products */ = {
			isa = PBXGroup;
			children = (
				18E9566D2449A3F0003755BF /* WhaleNotes.app */,
			);
			name = Products;
			sourceTree = "<group>";
		};
		18E9566F2449A3F0003755BF /* WhaleNotes */ = {
			isa = PBXGroup;
			children = (
				1865AF10244D4FBE0006B48D /* Models */,
				18E956882449AABA003755BF /* Controllers */,
				1865AEF0244C5D4E0006B48D /* Extensions */,
				1865AF02244D4D040006B48D /* Store */,
				1865AEF1244C5D8F0006B48D /* Utils */,
				18E9568F2449AD47003755BF /* SupportFiles */,
			);
			path = WhaleNotes;
			sourceTree = "<group>";
		};
		18E956882449AABA003755BF /* Controllers */ = {
			isa = PBXGroup;
			children = (
				183FFA9E2469533C00FDA179 /* ContextMenu */,
				188328FC2454206D0097A01D /* BlocksMenu */,
				1865AEF7244C79400006B48D /* Editor */,
				18E956922449B470003755BF /* SideMenu */,
				18E956892449AAC7003755BF /* Home */,
			);
			path = Controllers;
			sourceTree = "<group>";
		};
		18E956892449AAC7003755BF /* Home */ = {
			isa = PBXGroup;
			children = (
				188942A9246FDBAB006173F8 /* Notes */,
				18E9568B2449AC45003755BF /* HomeViewController.swift */,
			);
			path = Home;
			sourceTree = "<group>";
		};
		18E9568F2449AD47003755BF /* SupportFiles */ = {
			isa = PBXGroup;
			children = (
				18E956702449A3F0003755BF /* AppDelegate.swift */,
				18E956902449B135003755BF /* SceneDelegate.swift */,
				18E9567C2449A3F2003755BF /* Assets.xcassets */,
				18E9567E2449A3F2003755BF /* LaunchScreen.storyboard */,
				18E956812449A3F2003755BF /* Info.plist */,
				18E956792449A3F0003755BF /* WhaleNotes.xcdatamodeld */,
				1865AEF3244C5EF50006B48D /* ColorTheme.xcassets */,
				1849491F245A8B81001B61C3 /* WhaleNotes-bridge.h */,
			);
			name = SupportFiles;
			sourceTree = "<group>";
		};
		18E956922449B470003755BF /* SideMenu */ = {
			isa = PBXGroup;
			children = (
				18E956932449B493003755BF /* SideMenuViewController.swift */,
				18E956942449B493003755BF /* SideMenuViewController.xib */,
			);
			path = SideMenu;
			sourceTree = "<group>";
		};
		4354D1850ECD26DA681F44C3 /* Pods */ = {
			isa = PBXGroup;
			children = (
				8755AE4A81989AAC961E1A21 /* Pods-WhaleNotes.debug.xcconfig */,
				A10054E7C48FF86C1A7B5902 /* Pods-WhaleNotes.release.xcconfig */,
			);
			path = Pods;
			sourceTree = "<group>";
		};
		9E8EE56D1B56A9F5075581CC /* Frameworks */ = {
			isa = PBXGroup;
			children = (
				940244A10ED420834FA7953E /* Pods_WhaleNotes.framework */,
			);
			name = Frameworks;
			sourceTree = "<group>";
		};
/* End PBXGroup section */

/* Begin PBXNativeTarget section */
		18E9566C2449A3F0003755BF /* WhaleNotes */ = {
			isa = PBXNativeTarget;
			buildConfigurationList = 18E956842449A3F2003755BF /* Build configuration list for PBXNativeTarget "WhaleNotes" */;
			buildPhases = (
				862ECDA6111CC046A0636F0E /* [CP] Check Pods Manifest.lock */,
				18E956692449A3F0003755BF /* Sources */,
				18E9566A2449A3F0003755BF /* Frameworks */,
				18E9566B2449A3F0003755BF /* Resources */,
				DEAF88DBB27979554CD95B86 /* [CP] Embed Pods Frameworks */,
			);
			buildRules = (
			);
			dependencies = (
			);
			name = WhaleNotes;
			productName = WhaleNotes;
			productReference = 18E9566D2449A3F0003755BF /* WhaleNotes.app */;
			productType = "com.apple.product-type.application";
		};
/* End PBXNativeTarget section */

/* Begin PBXProject section */
		18E956652449A3EF003755BF /* Project object */ = {
			isa = PBXProject;
			attributes = {
				LastSwiftUpdateCheck = 1140;
				LastUpgradeCheck = 1140;
				ORGANIZATIONNAME = hanxk;
				TargetAttributes = {
					18E9566C2449A3F0003755BF = {
						CreatedOnToolsVersion = 11.4.1;
					};
				};
			};
			buildConfigurationList = 18E956682449A3EF003755BF /* Build configuration list for PBXProject "WhaleNotes" */;
			compatibilityVersion = "Xcode 9.3";
			developmentRegion = en;
			hasScannedForEncodings = 0;
			knownRegions = (
				en,
				Base,
			);
			mainGroup = 18E956642449A3EF003755BF;
			productRefGroup = 18E9566E2449A3F0003755BF /* Products */;
			projectDirPath = "";
			projectRoot = "";
			targets = (
				18E9566C2449A3F0003755BF /* WhaleNotes */,
			);
		};
/* End PBXProject section */

/* Begin PBXResourcesBuildPhase section */
		18E9566B2449A3F0003755BF /* Resources */ = {
			isa = PBXResourcesBuildPhase;
			buildActionMask = 2147483647;
			files = (
				1865AEF4244C5EF50006B48D /* ColorTheme.xcassets in Resources */,
				18E956962449B493003755BF /* SideMenuViewController.xib in Resources */,
				18E956802449A3F2003755BF /* LaunchScreen.storyboard in Resources */,
				18E9567D2449A3F2003755BF /* Assets.xcassets in Resources */,
			);
			runOnlyForDeploymentPostprocessing = 0;
		};
/* End PBXResourcesBuildPhase section */

/* Begin PBXShellScriptBuildPhase section */
		862ECDA6111CC046A0636F0E /* [CP] Check Pods Manifest.lock */ = {
			isa = PBXShellScriptBuildPhase;
			buildActionMask = 2147483647;
			files = (
			);
			inputFileListPaths = (
			);
			inputPaths = (
				"${PODS_PODFILE_DIR_PATH}/Podfile.lock",
				"${PODS_ROOT}/Manifest.lock",
			);
			name = "[CP] Check Pods Manifest.lock";
			outputFileListPaths = (
			);
			outputPaths = (
				"$(DERIVED_FILE_DIR)/Pods-WhaleNotes-checkManifestLockResult.txt",
			);
			runOnlyForDeploymentPostprocessing = 0;
			shellPath = /bin/sh;
			shellScript = "diff \"${PODS_PODFILE_DIR_PATH}/Podfile.lock\" \"${PODS_ROOT}/Manifest.lock\" > /dev/null\nif [ $? != 0 ] ; then\n    # print error to STDERR\n    echo \"error: The sandbox is not in sync with the Podfile.lock. Run 'pod install' or update your CocoaPods installation.\" >&2\n    exit 1\nfi\n# This output is used by Xcode 'outputs' to avoid re-running this script phase.\necho \"SUCCESS\" > \"${SCRIPT_OUTPUT_FILE_0}\"\n";
			showEnvVarsInLog = 0;
		};
		DEAF88DBB27979554CD95B86 /* [CP] Embed Pods Frameworks */ = {
			isa = PBXShellScriptBuildPhase;
			buildActionMask = 2147483647;
			files = (
			);
			inputFileListPaths = (
				"${PODS_ROOT}/Target Support Files/Pods-WhaleNotes/Pods-WhaleNotes-frameworks-${CONFIGURATION}-input-files.xcfilelist",
			);
			name = "[CP] Embed Pods Frameworks";
			outputFileListPaths = (
				"${PODS_ROOT}/Target Support Files/Pods-WhaleNotes/Pods-WhaleNotes-frameworks-${CONFIGURATION}-output-files.xcfilelist",
			);
			runOnlyForDeploymentPostprocessing = 0;
			shellPath = /bin/sh;
			shellScript = "\"${PODS_ROOT}/Target Support Files/Pods-WhaleNotes/Pods-WhaleNotes-frameworks.sh\"\n";
			showEnvVarsInLog = 0;
		};
/* End PBXShellScriptBuildPhase section */

/* Begin PBXSourcesBuildPhase section */
		18E956692449A3F0003755BF /* Sources */ = {
			isa = PBXSourcesBuildPhase;
			buildActionMask = 2147483647;
			files = (
				183FFA9D246952EB00FDA179 /* ContextMenuViewController.swift in Sources */,
				18E9D6BF2470D985001E41A0 /* String+Ex.swift in Sources */,
				1865AF1C244F43D30006B48D /* UITableView+Ex.swift in Sources */,
				18494931245AB416001B61C3 /* UIViewController+Ex.swift in Sources */,
				1865AEFC244C7D1C0006B48D /* TitleBlockCell.swift in Sources */,
				188328F024531F530097A01D /* AttachmentsBlockCell.swift in Sources */,
				1865AF06244D4D580006B48D /* DBResult.swift in Sources */,
				188942AE24702A3C006173F8 /* NoteCardCell.swift in Sources */,
				1865AF18244ED46D0006B48D /* BottomBarView.swift in Sources */,
				18C59C6B24542BE100F5CBB0 /* BlockMenuCell.swift in Sources */,
				1865AEF6244C61F80006B48D /* UIColor+Ex.swift in Sources */,
				1865AF0A244D4E020006B48D /* Date+Ex.swift in Sources */,
				1865AEF9244C79870006B48D /* EditorViewController.swift in Sources */,
				188328F2245320740097A01D /* ImageCell.swift in Sources */,
				1865AF21245018C30006B48D /* TodoBlockCell.swift in Sources */,
				1890290A245E82720017814A /* UIImage+Ex.swift in Sources */,
				1865AF04244D4D330006B48D /* SQLiteManager.swift in Sources */,
				188328FB24541E1C0097A01D /* PopBlocksViewController.swift in Sources */,
				18E9568D2449AC45003755BF /* HomeViewController.swift in Sources */,
				1865AF08244D4DC40006B48D /* TypedRow.swift in Sources */,
				18E9D6C5247167A8001E41A0 /* NoteClone.swift in Sources */,
				182B0D52245FCEC800C6DC70 /* TodoFooterView.swift in Sources */,
				1865AF16244DCB850006B48D /* TextBlockCell.swift in Sources */,
				1865AF01244D403B0006B48D /* Note.swift in Sources */,
				1865AF12244D63700006B48D /* Ditionary+Ex.swift in Sources */,
				18E9567B2449A3F0003755BF /* WhaleNotes.xcdatamodeld in Sources */,
				188942A8246E845D006173F8 /* TodoGroupCell.swift in Sources */,
				18ECA6A4245D6CFE00E8CE14 /* UIImageView+Ex.swift in Sources */,
				18E956712449A3F0003755BF /* AppDelegate.swift in Sources */,
				18E956952449B493003755BF /* SideMenuViewController.swift in Sources */,
				18E956912449B135003755BF /* SceneDelegate.swift in Sources */,
				18C59C6F2455AFF700F5CBB0 /* TodoCompleteHeaderView.swift in Sources */,
				1849490E24596E26001B61C3 /* ImagesUtil.swift in Sources */,
				1865AF1A244EDF790006B48D /* UIView+Ex.swift in Sources */,
				18E9D6C324715112001E41A0 /* NoteCellNode.swift in Sources */,
				183FFAA02469535500FDA179 /* ContextMenuCell.swift in Sources */,
				188942AB246FDC20006173F8 /* NotesView.swift in Sources */,
				18E9D6C124714ADA001E41A0 /* MosaicCollectionViewLayout.swift in Sources */,
				188328F8245410810097A01D /* Block.swift in Sources */,
				188328F424540F910097A01D /* DBManager.swift in Sources */,
				188328F624540FB40097A01D /* Logger.swift in Sources */,
				18C59C6D2455236C00F5CBB0 /* TodoHeaderView.swift in Sources */,
				18ECA6A2245D4A9900E8CE14 /* TLPHAsset+Ex.swift in Sources */,
			);
			runOnlyForDeploymentPostprocessing = 0;
		};
/* End PBXSourcesBuildPhase section */

/* Begin PBXVariantGroup section */
		18E9567E2449A3F2003755BF /* LaunchScreen.storyboard */ = {
			isa = PBXVariantGroup;
			children = (
				18E9567F2449A3F2003755BF /* Base */,
			);
			name = LaunchScreen.storyboard;
			sourceTree = "<group>";
		};
/* End PBXVariantGroup section */

/* Begin XCBuildConfiguration section */
		18E956822449A3F2003755BF /* Debug */ = {
			isa = XCBuildConfiguration;
			buildSettings = {
				ALWAYS_SEARCH_USER_PATHS = NO;
				CLANG_ANALYZER_NONNULL = YES;
				CLANG_ANALYZER_NUMBER_OBJECT_CONVERSION = YES_AGGRESSIVE;
				CLANG_CXX_LANGUAGE_STANDARD = "gnu++14";
				CLANG_CXX_LIBRARY = "libc++";
				CLANG_ENABLE_MODULES = YES;
				CLANG_ENABLE_OBJC_ARC = YES;
				CLANG_ENABLE_OBJC_WEAK = YES;
				CLANG_WARN_BLOCK_CAPTURE_AUTORELEASING = YES;
				CLANG_WARN_BOOL_CONVERSION = YES;
				CLANG_WARN_COMMA = YES;
				CLANG_WARN_CONSTANT_CONVERSION = YES;
				CLANG_WARN_DEPRECATED_OBJC_IMPLEMENTATIONS = YES;
				CLANG_WARN_DIRECT_OBJC_ISA_USAGE = YES_ERROR;
				CLANG_WARN_DOCUMENTATION_COMMENTS = YES;
				CLANG_WARN_EMPTY_BODY = YES;
				CLANG_WARN_ENUM_CONVERSION = YES;
				CLANG_WARN_INFINITE_RECURSION = YES;
				CLANG_WARN_INT_CONVERSION = YES;
				CLANG_WARN_NON_LITERAL_NULL_CONVERSION = YES;
				CLANG_WARN_OBJC_IMPLICIT_RETAIN_SELF = YES;
				CLANG_WARN_OBJC_LITERAL_CONVERSION = YES;
				CLANG_WARN_OBJC_ROOT_CLASS = YES_ERROR;
				CLANG_WARN_RANGE_LOOP_ANALYSIS = YES;
				CLANG_WARN_STRICT_PROTOTYPES = YES;
				CLANG_WARN_SUSPICIOUS_MOVE = YES;
				CLANG_WARN_UNGUARDED_AVAILABILITY = YES_AGGRESSIVE;
				CLANG_WARN_UNREACHABLE_CODE = YES;
				CLANG_WARN__DUPLICATE_METHOD_MATCH = YES;
				COPY_PHASE_STRIP = NO;
				DEBUG_INFORMATION_FORMAT = dwarf;
				ENABLE_STRICT_OBJC_MSGSEND = YES;
				ENABLE_TESTABILITY = YES;
				GCC_C_LANGUAGE_STANDARD = gnu11;
				GCC_DYNAMIC_NO_PIC = NO;
				GCC_NO_COMMON_BLOCKS = YES;
				GCC_OPTIMIZATION_LEVEL = 0;
				GCC_PREPROCESSOR_DEFINITIONS = (
					"DEBUG=1",
					"$(inherited)",
				);
				GCC_WARN_64_TO_32_BIT_CONVERSION = YES;
				GCC_WARN_ABOUT_RETURN_TYPE = YES_ERROR;
				GCC_WARN_UNDECLARED_SELECTOR = YES;
				GCC_WARN_UNINITIALIZED_AUTOS = YES_AGGRESSIVE;
				GCC_WARN_UNUSED_FUNCTION = YES;
				GCC_WARN_UNUSED_VARIABLE = YES;
				IPHONEOS_DEPLOYMENT_TARGET = 13.4;
				MTL_ENABLE_DEBUG_INFO = INCLUDE_SOURCE;
				MTL_FAST_MATH = YES;
				ONLY_ACTIVE_ARCH = YES;
				SDKROOT = iphoneos;
				SWIFT_ACTIVE_COMPILATION_CONDITIONS = DEBUG;
				SWIFT_OPTIMIZATION_LEVEL = "-Onone";
			};
			name = Debug;
		};
		18E956832449A3F2003755BF /* Release */ = {
			isa = XCBuildConfiguration;
			buildSettings = {
				ALWAYS_SEARCH_USER_PATHS = NO;
				CLANG_ANALYZER_NONNULL = YES;
				CLANG_ANALYZER_NUMBER_OBJECT_CONVERSION = YES_AGGRESSIVE;
				CLANG_CXX_LANGUAGE_STANDARD = "gnu++14";
				CLANG_CXX_LIBRARY = "libc++";
				CLANG_ENABLE_MODULES = YES;
				CLANG_ENABLE_OBJC_ARC = YES;
				CLANG_ENABLE_OBJC_WEAK = YES;
				CLANG_WARN_BLOCK_CAPTURE_AUTORELEASING = YES;
				CLANG_WARN_BOOL_CONVERSION = YES;
				CLANG_WARN_COMMA = YES;
				CLANG_WARN_CONSTANT_CONVERSION = YES;
				CLANG_WARN_DEPRECATED_OBJC_IMPLEMENTATIONS = YES;
				CLANG_WARN_DIRECT_OBJC_ISA_USAGE = YES_ERROR;
				CLANG_WARN_DOCUMENTATION_COMMENTS = YES;
				CLANG_WARN_EMPTY_BODY = YES;
				CLANG_WARN_ENUM_CONVERSION = YES;
				CLANG_WARN_INFINITE_RECURSION = YES;
				CLANG_WARN_INT_CONVERSION = YES;
				CLANG_WARN_NON_LITERAL_NULL_CONVERSION = YES;
				CLANG_WARN_OBJC_IMPLICIT_RETAIN_SELF = YES;
				CLANG_WARN_OBJC_LITERAL_CONVERSION = YES;
				CLANG_WARN_OBJC_ROOT_CLASS = YES_ERROR;
				CLANG_WARN_RANGE_LOOP_ANALYSIS = YES;
				CLANG_WARN_STRICT_PROTOTYPES = YES;
				CLANG_WARN_SUSPICIOUS_MOVE = YES;
				CLANG_WARN_UNGUARDED_AVAILABILITY = YES_AGGRESSIVE;
				CLANG_WARN_UNREACHABLE_CODE = YES;
				CLANG_WARN__DUPLICATE_METHOD_MATCH = YES;
				COPY_PHASE_STRIP = NO;
				DEBUG_INFORMATION_FORMAT = "dwarf-with-dsym";
				ENABLE_NS_ASSERTIONS = NO;
				ENABLE_STRICT_OBJC_MSGSEND = YES;
				GCC_C_LANGUAGE_STANDARD = gnu11;
				GCC_NO_COMMON_BLOCKS = YES;
				GCC_WARN_64_TO_32_BIT_CONVERSION = YES;
				GCC_WARN_ABOUT_RETURN_TYPE = YES_ERROR;
				GCC_WARN_UNDECLARED_SELECTOR = YES;
				GCC_WARN_UNINITIALIZED_AUTOS = YES_AGGRESSIVE;
				GCC_WARN_UNUSED_FUNCTION = YES;
				GCC_WARN_UNUSED_VARIABLE = YES;
				IPHONEOS_DEPLOYMENT_TARGET = 13.4;
				MTL_ENABLE_DEBUG_INFO = NO;
				MTL_FAST_MATH = YES;
				SDKROOT = iphoneos;
				SWIFT_COMPILATION_MODE = wholemodule;
				SWIFT_OPTIMIZATION_LEVEL = "-O";
				VALIDATE_PRODUCT = YES;
			};
			name = Release;
		};
		18E956852449A3F2003755BF /* Debug */ = {
			isa = XCBuildConfiguration;
			baseConfigurationReference = 8755AE4A81989AAC961E1A21 /* Pods-WhaleNotes.debug.xcconfig */;
			buildSettings = {
				ASSETCATALOG_COMPILER_APPICON_NAME = AppIcon;
				CODE_SIGN_STYLE = Automatic;
				DEVELOPMENT_TEAM = DEP7KPQBX9;
				INFOPLIST_FILE = WhaleNotes/Info.plist;
				LD_RUNPATH_SEARCH_PATHS = (
					"$(inherited)",
					"@executable_path/Frameworks",
				);
				PRODUCT_BUNDLE_IDENTIFIER = com.hanxk.WhaleNotes;
				PRODUCT_NAME = "$(TARGET_NAME)";
				SWIFT_OBJC_BRIDGING_HEADER = "WhaleNotes/WhaleNotes-bridge.h";
				SWIFT_VERSION = 5.0;
				TARGETED_DEVICE_FAMILY = "1,2";
			};
			name = Debug;
		};
		18E956862449A3F2003755BF /* Release */ = {
			isa = XCBuildConfiguration;
			baseConfigurationReference = A10054E7C48FF86C1A7B5902 /* Pods-WhaleNotes.release.xcconfig */;
			buildSettings = {
				ASSETCATALOG_COMPILER_APPICON_NAME = AppIcon;
				CODE_SIGN_STYLE = Automatic;
				DEVELOPMENT_TEAM = DEP7KPQBX9;
				INFOPLIST_FILE = WhaleNotes/Info.plist;
				LD_RUNPATH_SEARCH_PATHS = (
					"$(inherited)",
					"@executable_path/Frameworks",
				);
				PRODUCT_BUNDLE_IDENTIFIER = com.hanxk.WhaleNotes;
				PRODUCT_NAME = "$(TARGET_NAME)";
				SWIFT_OBJC_BRIDGING_HEADER = "WhaleNotes/WhaleNotes-bridge.h";
				SWIFT_VERSION = 5.0;
				TARGETED_DEVICE_FAMILY = "1,2";
			};
			name = Release;
		};
/* End XCBuildConfiguration section */

/* Begin XCConfigurationList section */
		18E956682449A3EF003755BF /* Build configuration list for PBXProject "WhaleNotes" */ = {
			isa = XCConfigurationList;
			buildConfigurations = (
				18E956822449A3F2003755BF /* Debug */,
				18E956832449A3F2003755BF /* Release */,
			);
			defaultConfigurationIsVisible = 0;
			defaultConfigurationName = Release;
		};
		18E956842449A3F2003755BF /* Build configuration list for PBXNativeTarget "WhaleNotes" */ = {
			isa = XCConfigurationList;
			buildConfigurations = (
				18E956852449A3F2003755BF /* Debug */,
				18E956862449A3F2003755BF /* Release */,
			);
			defaultConfigurationIsVisible = 0;
			defaultConfigurationName = Release;
		};
/* End XCConfigurationList section */

/* Begin XCVersionGroup section */
		18E956792449A3F0003755BF /* WhaleNotes.xcdatamodeld */ = {
			isa = XCVersionGroup;
			children = (
				18E9567A2449A3F0003755BF /* WhaleNotes.xcdatamodel */,
			);
			currentVersion = 18E9567A2449A3F0003755BF /* WhaleNotes.xcdatamodel */;
			path = WhaleNotes.xcdatamodeld;
			sourceTree = "<group>";
			versionGroupType = wrapper.xcdatamodel;
		};
/* End XCVersionGroup section */
	};
	rootObject = 18E956652449A3EF003755BF /* Project object */;
}
